
Microsoft Visual Studio Solution File, Format Version 12.00
# Visual Studio Version 17
VisualStudioVersion = 17.0.31903.59
MinimumVisualStudioVersion = 10.0.40219.1
Project("{FAE04EC0-301F-11D3-BF4B-00C04F79EFBC}") = "AlMunadi.Core", "AlMunadi.Core\AlMunadi.Core.csproj", "{6659E734-5294-4DAE-AB79-E3DA342DF11F}"
EndProject
Project("{FAE04EC0-301F-11D3-BF4B-00C04F79EFBC}") = "AlMunadi.Core.Tests", "AlMunadi.Core.Tests\AlMunadi.Core.Tests.csproj", "{19BD2928-DF83-4B9C-B217-6E276AD9BBC9}"
EndProject
Project("{FAE04EC0-301F-11D3-BF4B-00C04F79EFBC}") = "AlMunadi.App", "AlMunadi.App\AlMunadi.App.csproj", "{3F56697C-7305-429E-B47E-50FE957BA59E}"
EndProject
Global
	GlobalSection(SolutionConfigurationPlatforms) = preSolution
		Debug|Any CPU = Debug|Any CPU
		Release|Any CPU = Release|Any CPU
	EndGlobalSection
	GlobalSection(SolutionProperties) = preSolution
		HideSolutionNode = FALSE
	EndGlobalSection
	GlobalSection(ProjectConfigurationPlatforms) = postSolution
		{6659E734-5294-4DAE-AB79-E3DA342DF11F}.Debug|Any CPU.ActiveCfg = Debug|Any CPU
		{6659E734-5294-4DAE-AB79-E3DA342DF11F}.Debug|Any CPU.Build.0 = Debug|Any CPU
		{6659E734-5294-4DAE-AB79-E3DA342DF11F}.Release|Any CPU.ActiveCfg = Release|Any CPU
		{6659E734-5294-4DAE-AB79-E3DA342DF11F}.Release|Any CPU.Build.0 = Release|Any CPU
		{19BD2928-DF83-4B9C-B217-6E276AD9BBC9}.Debug|Any CPU.ActiveCfg = Debug|Any CPU
		{19BD2928-DF83-4B9C-B217-6E276AD9BBC9}.Debug|Any CPU.Build.0 = Debug|Any CPU
		{19BD2928-DF83-4B9C-B217-6E276AD9BBC9}.Release|Any CPU.ActiveCfg = Release|Any CPU
		{19BD2928-DF83-4B9C-B217-6E276AD9BBC9}.Release|Any CPU.Build.0 = Release|Any CPU
		{3F56697C-7305-429E-B47E-50FE957BA59E}.Debug|Any CPU.ActiveCfg = Debug|Any CPU
		{3F56697C-7305-429E-B47E-50FE957BA59E}.Debug|Any CPU.Build.0 = Debug|Any CPU
		{3F56697C-7305-429E-B47E-50FE957BA59E}.Release|Any CPU.ActiveCfg = Release|Any CPU
		{3F56697C-7305-429E-B47E-50FE957BA59E}.Release|Any CPU.Build.0 = Release|Any CPU
	EndGlobalSection
EndGlobal
